{
  "name": "acary-audl-stats",
  "version": "1.0.0",
  "lockfileVersion": 1,
  "requires": true,
  "dependencies": {
    "@material/animation": {
      "version": "1.0.0",
      "resolved": "https://registry.npmjs.org/@material/animation/-/animation-1.0.0.tgz",
      "integrity": "sha512-Ed5/vggn6ZhSJ87yn3ZS1d826VJNFz73jHF2bSsgRtHDoB8KCuOwQMfdgAgDa4lKDF6CDIPCKBZPKrs2ubehdw==",
      "requires": {
        "tslib": "^1.9.3"
      }
    },
    "@material/base": {
      "version": "1.0.0",
      "resolved": "https://registry.npmjs.org/@material/base/-/base-1.0.0.tgz",
      "integrity": "sha512-5dxFp46x5FA+Epg6YHLzN+5zRt9S2wR84UdvVAEJ1egea94m9UHUg7y9tAnNSN16aexRSywmzyLwPr+i8PGEYA==",
      "requires": {
        "tslib": "^1.9.3"
      }
    },
    "@material/dom": {
      "version": "1.1.0",
      "resolved": "https://registry.npmjs.org/@material/dom/-/dom-1.1.0.tgz",
      "integrity": "sha512-+HWW38ZaM2UBPu4+7QCusLDSf4tFT31rsEXHkTkxYSg/QpDivfPx6YDz4OmYtafmhPR1d1YjqB3MYysUHdodyw==",
      "requires": {
        "tslib": "^1.9.3"
      }
    },
    "@material/elevation": {
      "version": "1.1.0",
      "resolved": "https://registry.npmjs.org/@material/elevation/-/elevation-1.1.0.tgz",
      "integrity": "sha512-m4eATJvDhWK1BT+yA1iHz5mhAk8cV9olC4mjVzm4PTAqhDH2yya4WzjN1HPVHE/a65ObyZ7V4qopxu9MRocm3A==",
      "requires": {
        "@material/animation": "^1.0.0",
        "@material/feature-targeting": "^0.44.1",
        "@material/theme": "^1.1.0"
      }
    },
    "@material/feature-targeting": {
      "version": "0.44.1",
      "resolved": "https://registry.npmjs.org/@material/feature-targeting/-/feature-targeting-0.44.1.tgz",
      "integrity": "sha512-90cc7njn4aHbH9UxY8qgZth1W5JgOgcEdWdubH1t7sFkwqFxS5g3zgxSBt46TygFBVIXNZNq35Xmg80wgqO7Pg=="
    },
    "@material/floating-label": {
      "version": "1.1.0",
      "resolved": "https://registry.npmjs.org/@material/floating-label/-/floating-label-1.1.0.tgz",
      "integrity": "sha512-7q7V+9o9XesgMnK11up9z+BcRFwtLIAIqVTCL3liKRARNHuzw9FGrGMKhTJUKvLZ3z0bM1+FmmVlA3q9FJWehQ==",
      "requires": {
        "@material/animation": "^1.0.0",
        "@material/base": "^1.0.0",
        "@material/rtl": "^0.42.0",
        "@material/theme": "^1.1.0",
        "@material/typography": "^1.0.0",
        "tslib": "^1.9.3"
      }
    },
    "@material/line-ripple": {
      "version": "1.1.0",
      "resolved": "https://registry.npmjs.org/@material/line-ripple/-/line-ripple-1.1.0.tgz",
      "integrity": "sha512-XqCxDNfgkh9zq0IVlTEFVjmQV8hx8m4vxLFM5qwHDDqcKPlX/Lfc8M43fmm9uE1CaJBC6whMGPvOt/dIla+RUg==",
      "requires": {
        "@material/animation": "^1.0.0",
        "@material/base": "^1.0.0",
        "@material/theme": "^1.1.0",
        "tslib": "^1.9.3"
      }
    },
    "@material/list": {
      "version": "1.1.0",
      "resolved": "https://registry.npmjs.org/@material/list/-/list-1.1.0.tgz",
      "integrity": "sha512-+NqVwqhRX08kjDatwZRO/LiiOw9gl7eq2Ogi8hrWkXqYn9ARfUq3K74MeTIit9f7BGPobs86dXBaQ/mjI5HSXg==",
      "requires": {
        "@material/base": "^1.0.0",
        "@material/dom": "^1.1.0",
        "@material/feature-targeting": "^0.44.1",
        "@material/ripple": "^1.1.0",
        "@material/rtl": "^0.42.0",
        "@material/shape": "^1.0.0",
        "@material/theme": "^1.1.0",
        "@material/typography": "^1.0.0",
        "tslib": "^1.9.3"
      }
    },
    "@material/menu": {
      "version": "1.1.0",
      "resolved": "https://registry.npmjs.org/@material/menu/-/menu-1.1.0.tgz",
      "integrity": "sha512-oEubeu4h5EWeaOWbDwstmWkzBSq/2qVtu476CLmaAI5joUilXaPBKpryv4F+ZRIDlVQjs5Ey7uBotxDwDELPQA==",
      "requires": {
        "@material/base": "^1.0.0",
        "@material/feature-targeting": "^0.44.1",
        "@material/list": "^1.1.0",
        "@material/menu-surface": "^1.1.0",
        "@material/ripple": "^1.1.0",
        "@material/rtl": "^0.42.0",
        "tslib": "^1.9.3"
      }
    },
    "@material/menu-surface": {
      "version": "1.1.0",
      "resolved": "https://registry.npmjs.org/@material/menu-surface/-/menu-surface-1.1.0.tgz",
      "integrity": "sha512-FjCA6TBgeY+mwNcjfeq5/3TCSyhtXxHrT/xQrz1LyrztuHI4Qu7bTb496pXlfPsZHQuwmo9PqW+pwP78noDf9A==",
      "requires": {
        "@material/animation": "^1.0.0",
        "@material/base": "^1.0.0",
        "@material/elevation": "^1.1.0",
        "@material/feature-targeting": "^0.44.1",
        "@material/rtl": "^0.42.0",
        "@material/shape": "^1.0.0",
        "@material/theme": "^1.1.0",
        "tslib": "^1.9.3"
      }
    },
    "@material/notched-outline": {
      "version": "1.1.0",
      "resolved": "https://registry.npmjs.org/@material/notched-outline/-/notched-outline-1.1.0.tgz",
      "integrity": "sha512-J/MCe3an5lTxzYZPzHxblbVZu51OKeum4BU9PeV9WJW+IBGBAnQmT2uf53rqAzhEchIpv39MYmJLPMJghVxWAg==",
      "requires": {
        "@material/animation": "^1.0.0",
        "@material/base": "^1.0.0",
        "@material/floating-label": "^1.1.0",
        "@material/rtl": "^0.42.0",
        "@material/shape": "^1.0.0",
        "@material/theme": "^1.1.0",
        "tslib": "^1.9.3"
      }
    },
    "@material/ripple": {
      "version": "1.1.0",
      "resolved": "https://registry.npmjs.org/@material/ripple/-/ripple-1.1.0.tgz",
      "integrity": "sha512-mkfDBZAmxjpRG7V9TrfOmLxt1g/wvGHCXtYPgvH7W8ozjf53edqxLOFENEdvHbie27y9nyixzXn0gzU0HnxSeA==",
      "requires": {
        "@material/animation": "^1.0.0",
        "@material/base": "^1.0.0",
        "@material/dom": "^1.1.0",
        "@material/feature-targeting": "^0.44.1",
        "@material/theme": "^1.1.0",
        "tslib": "^1.9.3"
      }
    },
    "@material/rtl": {
      "version": "0.42.0",
      "resolved": "https://registry.npmjs.org/@material/rtl/-/rtl-0.42.0.tgz",
      "integrity": "sha512-VrnrKJzhmspsN8WXHuxxBZ69yM5IwhCUqWr1t1eNfw3ZEvEj7i1g3P31HGowKThIN1dc1Wh4LE14rCISWCtv5w=="
    },
    "@material/select": {
      "version": "1.1.0",
      "resolved": "https://registry.npmjs.org/@material/select/-/select-1.1.0.tgz",
      "integrity": "sha512-sl5dt+sepqfo4HC82085q9sSCaXoK1swmeQ54Yp8KWlit9CtfV4/QZT83NwF9eEbQF3NmtCdh9T2ueaX//uihg==",
      "requires": {
        "@material/animation": "^1.0.0",
        "@material/base": "^1.0.0",
        "@material/floating-label": "^1.1.0",
        "@material/line-ripple": "^1.1.0",
        "@material/menu": "^1.1.0",
        "@material/menu-surface": "^1.1.0",
        "@material/notched-outline": "^1.1.0",
        "@material/ripple": "^1.1.0",
        "@material/rtl": "^0.42.0",
        "@material/shape": "^1.0.0",
        "@material/theme": "^1.1.0",
        "@material/typography": "^1.0.0",
        "tslib": "^1.9.3"
      }
    },
    "@material/shape": {
      "version": "1.0.0",
      "resolved": "https://registry.npmjs.org/@material/shape/-/shape-1.0.0.tgz",
      "integrity": "sha512-zfXEacPQZmH+ujVtaFyfAsYiF46j1QCcFzJeZVouG4pznrbA7XD6614Ywg0wbyWX5iB6hD52ld/IN+R/6oxKqA==",
      "requires": {
        "@material/feature-targeting": "^0.44.1"
      }
    },
    "@material/theme": {
      "version": "1.1.0",
      "resolved": "https://registry.npmjs.org/@material/theme/-/theme-1.1.0.tgz",
      "integrity": "sha512-YYUV9Rhbx4r/EMb/zoOYJUWjhXChNaLlH1rqt3vpNVyxRcxGqoVMGp5u1XALBCFiD9dACPKLIkKyRYa928nmPQ==",
      "requires": {
        "@material/feature-targeting": "^0.44.1"
      }
    },
    "@material/typography": {
      "version": "1.0.0",
      "resolved": "https://registry.npmjs.org/@material/typography/-/typography-1.0.0.tgz",
      "integrity": "sha512-Oeqbjci1cC7jTE8/n3dwnkqKe9ZeWiaE+rgMtRYtRFw1HvAw14SpGA5EEAS/Li2Hu2KZ50FYCe3HYqShfxtChA==",
      "requires": {
        "@material/feature-targeting": "^0.44.1"
      }
    },
    "chart.js": {
      "version": "2.8.0",
      "resolved": "https://registry.npmjs.org/chart.js/-/chart.js-2.8.0.tgz",
      "integrity": "sha512-Di3wUL4BFvqI5FB5K26aQ+hvWh8wnP9A3DWGvXHVkO13D3DSnaSsdZx29cXlEsYKVkn1E2az+ZYFS4t0zi8x0w==",
      "requires": {
        "chartjs-color": "^2.1.0",
        "moment": "^2.10.2"
      }
    },
    "chartjs-color": {
      "version": "2.3.0",
      "resolved": "https://registry.npmjs.org/chartjs-color/-/chartjs-color-2.3.0.tgz",
      "integrity": "sha512-hEvVheqczsoHD+fZ+tfPUE+1+RbV6b+eksp2LwAhwRTVXEjCSEavvk+Hg3H6SZfGlPh/UfmWKGIvZbtobOEm3g==",
      "requires": {
        "chartjs-color-string": "^0.6.0",
        "color-convert": "^0.5.3"
      }
    },
    "chartjs-color-string": {
      "version": "0.6.0",
      "resolved": "https://registry.npmjs.org/chartjs-color-string/-/chartjs-color-string-0.6.0.tgz",
      "integrity": "sha512-TIB5OKn1hPJvO7JcteW4WY/63v6KwEdt6udfnDE9iCAZgy+V4SrbSxoIbTw/xkUIapjEI4ExGtD0+6D3KyFd7A==",
      "requires": {
        "color-name": "^1.0.0"
      }
    },
    "color-convert": {
      "version": "0.5.3",
      "resolved": "https://registry.npmjs.org/color-convert/-/color-convert-0.5.3.tgz",
      "integrity": "sha1-vbbGnOZg+t/+CwAHzER+G59ygr0="
    },
    "color-name": {
      "version": "1.1.4",
      "resolved": "https://registry.npmjs.org/color-name/-/color-name-1.1.4.tgz",
      "integrity": "sha512-dOy+3AuW3a2wNbZHIuMZpTcgjGuLU/uBL/ubcZF9OXbDo8ff4O8yVp5Bf0efS8uEoYo5q4Fx7dY9OgQGXgAsQA=="
    },
    "moment": {
      "version": "2.24.0",
      "resolved": "https://registry.npmjs.org/moment/-/moment-2.24.0.tgz",
      "integrity": "sha512-bV7f+6l2QigeBBZSM/6yTNq4P2fNpSWj/0e7jQcy87A8e7o2nAfP/34/2ky5Vw4B9S446EtIhodAzkFCcR4dQg=="
    },
    "statkit": {
      "version": "0.2.0",
      "resolved": "https://registry.npmjs.org/statkit/-/statkit-0.2.0.tgz",
      "integrity": "sha1-5MGgMp0onkFbf9Rlm+IWX2nw6cQ="
    },
    "tslib": {
      "version": "1.9.3",
      "resolved": "https://registry.npmjs.org/tslib/-/tslib-1.9.3.tgz",
      "integrity": "sha512-4krF8scpejhaOgqzBEcGM7yDIEfi0/8+8zDRZhNZZ2kjmHJ4hv3zCbQWxoJGz1iw5U0Jl0nma13xzHXcncMavQ=="
    }
  }
}
